// !$*UTF8*$!
{
	archiveVersion = 1;
	classes = {
	};
	objectVersion = 48;
	objects = {

/* Begin PBXBuildFile section */
		0409600C2040B4FA009F3B67 /* Component.swift in Sources */ = {isa = PBXBuildFile; fileRef = 0409600B2040B4FA009F3B67 /* Component.swift */; };
		0409600F2040B983009F3B67 /* Wifi.swift in Sources */ = {isa = PBXBuildFile; fileRef = 0409600E2040B983009F3B67 /* Wifi.swift */; };
		040960112040BBCF009F3B67 /* WifiViewController.swift in Sources */ = {isa = PBXBuildFile; fileRef = 040960102040BBCF009F3B67 /* WifiViewController.swift */; };
		040960132040C7C2009F3B67 /* Shell.swift in Sources */ = {isa = PBXBuildFile; fileRef = 040960122040C7C2009F3B67 /* Shell.swift */; };
		040960152040C7FA009F3B67 /* SpotifyViewController.swift in Sources */ = {isa = PBXBuildFile; fileRef = 040960142040C7FA009F3B67 /* SpotifyViewController.swift */; };
		04ADB5FD203E25DE00F33847 /* AppDelegate.swift in Sources */ = {isa = PBXBuildFile; fileRef = 04ADB5FC203E25DE00F33847 /* AppDelegate.swift */; };
		04ADB5FF203E25DE00F33847 /* Assets.xcassets in Resources */ = {isa = PBXBuildFile; fileRef = 04ADB5FE203E25DE00F33847 /* Assets.xcassets */; };
		04ADB60E203E25DE00F33847 /* KcajBarUITests.swift in Sources */ = {isa = PBXBuildFile; fileRef = 04ADB60D203E25DE00F33847 /* KcajBarUITests.swift */; };
		04ADB619203E260900F33847 /* main.swift in Sources */ = {isa = PBXBuildFile; fileRef = 04ADB618203E260900F33847 /* main.swift */; };
		04ADB61B203E262F00F33847 /* StatusBarViewController.swift in Sources */ = {isa = PBXBuildFile; fileRef = 04ADB61A203E262F00F33847 /* StatusBarViewController.swift */; };
		04E12154203E61EA00BFAD2B /* TimeViewController.swift in Sources */ = {isa = PBXBuildFile; fileRef = 04E12153203E61EA00BFAD2B /* TimeViewController.swift */; };
		04E12156203E635200BFAD2B /* DateViewController.swift in Sources */ = {isa = PBXBuildFile; fileRef = 04E12155203E635200BFAD2B /* DateViewController.swift */; };
		04E12158203E63BA00BFAD2B /* BackgroundViewController.swift in Sources */ = {isa = PBXBuildFile; fileRef = 04E12157203E63BA00BFAD2B /* BackgroundViewController.swift */; };
		04E1215A203E66C700BFAD2B /* SnapKit.framework in Frameworks */ = {isa = PBXBuildFile; fileRef = 04E12159203E66C700BFAD2B /* SnapKit.framework */; };
		04E1215B203E66C700BFAD2B /* SnapKit.framework in Embed Frameworks */ = {isa = PBXBuildFile; fileRef = 04E12159203E66C700BFAD2B /* SnapKit.framework */; settings = {ATTRIBUTES = (CodeSignOnCopy, RemoveHeadersOnCopy, ); }; };
		04E1215D203E711000BFAD2B /* BatteryViewController.swift in Sources */ = {isa = PBXBuildFile; fileRef = 04E1215C203E711000BFAD2B /* BatteryViewController.swift */; };
		04FE1AFA20410F1100F76DAC /* WindowNameViewController.swift in Sources */ = {isa = PBXBuildFile; fileRef = 04FE1AF920410F1100F76DAC /* WindowNameViewController.swift */; };
/* End PBXBuildFile section */

/* Begin PBXContainerItemProxy section */
		04ADB60A203E25DE00F33847 /* PBXContainerItemProxy */ = {
			isa = PBXContainerItemProxy;
			containerPortal = 04ADB5F1203E25DE00F33847 /* Project object */;
			proxyType = 1;
			remoteGlobalIDString = 04ADB5F8203E25DE00F33847;
			remoteInfo = KcajBar;
		};
/* End PBXContainerItemProxy section */

/* Begin PBXCopyFilesBuildPhase section */
		04AC81AB203E3D1B008234CE /* Embed Frameworks */ = {
			isa = PBXCopyFilesBuildPhase;
			buildActionMask = 2147483647;
			dstPath = "";
			dstSubfolderSpec = 10;
			files = (
				04E1215B203E66C700BFAD2B /* SnapKit.framework in Embed Frameworks */,
			);
			name = "Embed Frameworks";
			runOnlyForDeploymentPostprocessing = 0;
		};
/* End PBXCopyFilesBuildPhase section */

/* Begin PBXFileReference section */
		0409600B2040B4FA009F3B67 /* Component.swift */ = {isa = PBXFileReference; lastKnownFileType = sourcecode.swift; path = Component.swift; sourceTree = "<group>"; };
		0409600E2040B983009F3B67 /* Wifi.swift */ = {isa = PBXFileReference; lastKnownFileType = sourcecode.swift; path = Wifi.swift; sourceTree = "<group>"; };
		040960102040BBCF009F3B67 /* WifiViewController.swift */ = {isa = PBXFileReference; lastKnownFileType = sourcecode.swift; path = WifiViewController.swift; sourceTree = "<group>"; };
		040960122040C7C2009F3B67 /* Shell.swift */ = {isa = PBXFileReference; lastKnownFileType = sourcecode.swift; path = Shell.swift; sourceTree = "<group>"; };
		040960142040C7FA009F3B67 /* SpotifyViewController.swift */ = {isa = PBXFileReference; lastKnownFileType = sourcecode.swift; path = SpotifyViewController.swift; sourceTree = "<group>"; };
		04ADB5F9203E25DE00F33847 /* KcajBar.app */ = {isa = PBXFileReference; explicitFileType = wrapper.application; includeInIndex = 0; path = KcajBar.app; sourceTree = BUILT_PRODUCTS_DIR; };
		04ADB5FC203E25DE00F33847 /* AppDelegate.swift */ = {isa = PBXFileReference; lastKnownFileType = sourcecode.swift; path = AppDelegate.swift; sourceTree = "<group>"; };
		04ADB5FE203E25DE00F33847 /* Assets.xcassets */ = {isa = PBXFileReference; lastKnownFileType = folder.assetcatalog; path = Assets.xcassets; sourceTree = "<group>"; };
		04ADB603203E25DE00F33847 /* Info.plist */ = {isa = PBXFileReference; lastKnownFileType = text.plist.xml; path = Info.plist; sourceTree = "<group>"; };
		04ADB604203E25DE00F33847 /* KcajBar.entitlements */ = {isa = PBXFileReference; lastKnownFileType = text.plist.entitlements; path = KcajBar.entitlements; sourceTree = "<group>"; };
		04ADB609203E25DE00F33847 /* KcajBarUITests.xctest */ = {isa = PBXFileReference; explicitFileType = wrapper.cfbundle; includeInIndex = 0; path = KcajBarUITests.xctest; sourceTree = BUILT_PRODUCTS_DIR; };
		04ADB60D203E25DE00F33847 /* KcajBarUITests.swift */ = {isa = PBXFileReference; lastKnownFileType = sourcecode.swift; path = KcajBarUITests.swift; sourceTree = "<group>"; };
		04ADB60F203E25DE00F33847 /* Info.plist */ = {isa = PBXFileReference; lastKnownFileType = text.plist.xml; path = Info.plist; sourceTree = "<group>"; };
		04ADB618203E260900F33847 /* main.swift */ = {isa = PBXFileReference; lastKnownFileType = sourcecode.swift; path = main.swift; sourceTree = "<group>"; };
		04ADB61A203E262F00F33847 /* StatusBarViewController.swift */ = {isa = PBXFileReference; lastKnownFileType = sourcecode.swift; path = StatusBarViewController.swift; sourceTree = "<group>"; };
		04E12153203E61EA00BFAD2B /* TimeViewController.swift */ = {isa = PBXFileReference; lastKnownFileType = sourcecode.swift; path = TimeViewController.swift; sourceTree = "<group>"; };
		04E12155203E635200BFAD2B /* DateViewController.swift */ = {isa = PBXFileReference; lastKnownFileType = sourcecode.swift; path = DateViewController.swift; sourceTree = "<group>"; };
		04E12157203E63BA00BFAD2B /* BackgroundViewController.swift */ = {isa = PBXFileReference; lastKnownFileType = sourcecode.swift; path = BackgroundViewController.swift; sourceTree = "<group>"; };
		04E12159203E66C700BFAD2B /* SnapKit.framework */ = {isa = PBXFileReference; lastKnownFileType = wrapper.framework; name = SnapKit.framework; path = Carthage/Build/Mac/SnapKit.framework; sourceTree = "<group>"; };
		04E1215C203E711000BFAD2B /* BatteryViewController.swift */ = {isa = PBXFileReference; lastKnownFileType = sourcecode.swift; path = BatteryViewController.swift; sourceTree = "<group>"; };
		04FE1AF920410F1100F76DAC /* WindowNameViewController.swift */ = {isa = PBXFileReference; lastKnownFileType = sourcecode.swift; path = WindowNameViewController.swift; sourceTree = "<group>"; };
/* End PBXFileReference section */

/* Begin PBXFrameworksBuildPhase section */
		04ADB5F6203E25DE00F33847 /* Frameworks */ = {
			isa = PBXFrameworksBuildPhase;
			buildActionMask = 2147483647;
			files = (
				04E1215A203E66C700BFAD2B /* SnapKit.framework in Frameworks */,
			);
			runOnlyForDeploymentPostprocessing = 0;
		};
		04ADB606203E25DE00F33847 /* Frameworks */ = {
			isa = PBXFrameworksBuildPhase;
			buildActionMask = 2147483647;
			files = (
			);
			runOnlyForDeploymentPostprocessing = 0;
		};
/* End PBXFrameworksBuildPhase section */

/* Begin PBXGroup section */
		0409600D2040B975009F3B67 /* Utilities */ = {
			isa = PBXGroup;
			children = (
				0409600B2040B4FA009F3B67 /* Component.swift */,
				0409600E2040B983009F3B67 /* Wifi.swift */,
				040960122040C7C2009F3B67 /* Shell.swift */,
			);
			path = Utilities;
			sourceTree = "<group>";
		};
		04ADB5F0203E25DE00F33847 = {
			isa = PBXGroup;
			children = (
				04ADB5FB203E25DE00F33847 /* KcajBar */,
				04ADB60C203E25DE00F33847 /* KcajBarUITests */,
				04ADB5FA203E25DE00F33847 /* Products */,
				04ADB61C203E2CEE00F33847 /* Frameworks */,
			);
			sourceTree = "<group>";
		};
		04ADB5FA203E25DE00F33847 /* Products */ = {
			isa = PBXGroup;
			children = (
				04ADB5F9203E25DE00F33847 /* KcajBar.app */,
				04ADB609203E25DE00F33847 /* KcajBarUITests.xctest */,
			);
			name = Products;
			sourceTree = "<group>";
		};
		04ADB5FB203E25DE00F33847 /* KcajBar */ = {
			isa = PBXGroup;
			children = (
				0409600D2040B975009F3B67 /* Utilities */,
				04ADB5FC203E25DE00F33847 /* AppDelegate.swift */,
				04ADB5FE203E25DE00F33847 /* Assets.xcassets */,
				04ADB603203E25DE00F33847 /* Info.plist */,
				04ADB604203E25DE00F33847 /* KcajBar.entitlements */,
				04ADB618203E260900F33847 /* main.swift */,
				04ADB61A203E262F00F33847 /* StatusBarViewController.swift */,
				04E12153203E61EA00BFAD2B /* TimeViewController.swift */,
				04E12155203E635200BFAD2B /* DateViewController.swift */,
				04E12157203E63BA00BFAD2B /* BackgroundViewController.swift */,
				04E1215C203E711000BFAD2B /* BatteryViewController.swift */,
				040960102040BBCF009F3B67 /* WifiViewController.swift */,
				040960142040C7FA009F3B67 /* SpotifyViewController.swift */,
				04FE1AF920410F1100F76DAC /* WindowNameViewController.swift */,
			);
			path = KcajBar;
			sourceTree = "<group>";
		};
		04ADB60C203E25DE00F33847 /* KcajBarUITests */ = {
			isa = PBXGroup;
			children = (
				04ADB60D203E25DE00F33847 /* KcajBarUITests.swift */,
				04ADB60F203E25DE00F33847 /* Info.plist */,
			);
			path = KcajBarUITests;
			sourceTree = "<group>";
		};
		04ADB61C203E2CEE00F33847 /* Frameworks */ = {
			isa = PBXGroup;
			children = (
				04E12159203E66C700BFAD2B /* SnapKit.framework */,
			);
			name = Frameworks;
			sourceTree = "<group>";
		};
/* End PBXGroup section */

/* Begin PBXNativeTarget section */
		04ADB5F8203E25DE00F33847 /* KcajBar */ = {
			isa = PBXNativeTarget;
			buildConfigurationList = 04ADB612203E25DE00F33847 /* Build configuration list for PBXNativeTarget "KcajBar" */;
			buildPhases = (
				04ADB5F5203E25DE00F33847 /* Sources */,
				04ADB5F6203E25DE00F33847 /* Frameworks */,
				04ADB5F7203E25DE00F33847 /* Resources */,
				04AC81AB203E3D1B008234CE /* Embed Frameworks */,
			);
			buildRules = (
			);
			dependencies = (
			);
			name = KcajBar;
			productName = KcajBar;
			productReference = 04ADB5F9203E25DE00F33847 /* KcajBar.app */;
			productType = "com.apple.product-type.application";
		};
		04ADB608203E25DE00F33847 /* KcajBarUITests */ = {
			isa = PBXNativeTarget;
			buildConfigurationList = 04ADB615203E25DE00F33847 /* Build configuration list for PBXNativeTarget "KcajBarUITests" */;
			buildPhases = (
				04ADB605203E25DE00F33847 /* Sources */,
				04ADB606203E25DE00F33847 /* Frameworks */,
				04ADB607203E25DE00F33847 /* Resources */,
			);
			buildRules = (
			);
			dependencies = (
				04ADB60B203E25DE00F33847 /* PBXTargetDependency */,
			);
			name = KcajBarUITests;
			productName = KcajBarUITests;
			productReference = 04ADB609203E25DE00F33847 /* KcajBarUITests.xctest */;
			productType = "com.apple.product-type.bundle.ui-testing";
		};
/* End PBXNativeTarget section */

/* Begin PBXProject section */
		04ADB5F1203E25DE00F33847 /* Project object */ = {
			isa = PBXProject;
			attributes = {
				LastSwiftUpdateCheck = 0920;
				LastUpgradeCheck = 0920;
				ORGANIZATIONNAME = Noskcaj;
				TargetAttributes = {
					04ADB5F8203E25DE00F33847 = {
						CreatedOnToolsVersion = 9.2;
						ProvisioningStyle = Automatic;
						SystemCapabilities = {
							com.apple.Sandbox = {
								enabled = 0;
							};
						};
					};
					04ADB608203E25DE00F33847 = {
						CreatedOnToolsVersion = 9.2;
						ProvisioningStyle = Automatic;
						TestTargetID = 04ADB5F8203E25DE00F33847;
					};
				};
			};
			buildConfigurationList = 04ADB5F4203E25DE00F33847 /* Build configuration list for PBXProject "KcajBar" */;
			compatibilityVersion = "Xcode 8.0";
			developmentRegion = en;
			hasScannedForEncodings = 0;
			knownRegions = (
				en,
				Base,
			);
			mainGroup = 04ADB5F0203E25DE00F33847;
			productRefGroup = 04ADB5FA203E25DE00F33847 /* Products */;
			projectDirPath = "";
			projectRoot = "";
			targets = (
				04ADB5F8203E25DE00F33847 /* KcajBar */,
				04ADB608203E25DE00F33847 /* KcajBarUITests */,
			);
		};
/* End PBXProject section */

/* Begin PBXResourcesBuildPhase section */
		04ADB5F7203E25DE00F33847 /* Resources */ = {
			isa = PBXResourcesBuildPhase;
			buildActionMask = 2147483647;
			files = (
				04ADB5FF203E25DE00F33847 /* Assets.xcassets in Resources */,
			);
			runOnlyForDeploymentPostprocessing = 0;
		};
		04ADB607203E25DE00F33847 /* Resources */ = {
			isa = PBXResourcesBuildPhase;
			buildActionMask = 2147483647;
			files = (
			);
			runOnlyForDeploymentPostprocessing = 0;
		};
/* End PBXResourcesBuildPhase section */

/* Begin PBXSourcesBuildPhase section */
		04ADB5F5203E25DE00F33847 /* Sources */ = {
			isa = PBXSourcesBuildPhase;
			buildActionMask = 2147483647;
			files = (
				04E12158203E63BA00BFAD2B /* BackgroundViewController.swift in Sources */,
				04E12156203E635200BFAD2B /* DateViewController.swift in Sources */,
				0409600F2040B983009F3B67 /* Wifi.swift in Sources */,
				04ADB61B203E262F00F33847 /* StatusBarViewController.swift in Sources */,
				04E1215D203E711000BFAD2B /* BatteryViewController.swift in Sources */,
				04E12154203E61EA00BFAD2B /* TimeViewController.swift in Sources */,
				04FE1AFA20410F1100F76DAC /* WindowNameViewController.swift in Sources */,
				0409600C2040B4FA009F3B67 /* Component.swift in Sources */,
				040960132040C7C2009F3B67 /* Shell.swift in Sources */,
				04ADB619203E260900F33847 /* main.swift in Sources */,
				04ADB5FD203E25DE00F33847 /* AppDelegate.swift in Sources */,
				040960112040BBCF009F3B67 /* WifiViewController.swift in Sources */,
				040960152040C7FA009F3B67 /* SpotifyViewController.swift in Sources */,
			);
			runOnlyForDeploymentPostprocessing = 0;
		};
		04ADB605203E25DE00F33847 /* Sources */ = {
			isa = PBXSourcesBuildPhase;
			buildActionMask = 2147483647;
			files = (
				04ADB60E203E25DE00F33847 /* KcajBarUITests.swift in Sources */,
			);
			runOnlyForDeploymentPostprocessing = 0;
		};
/* End PBXSourcesBuildPhase section */

/* Begin PBXTargetDependency section */
		04ADB60B203E25DE00F33847 /* PBXTargetDependency */ = {
			isa = PBXTargetDependency;
			target = 04ADB5F8203E25DE00F33847 /* KcajBar */;
			targetProxy = 04ADB60A203E25DE00F33847 /* PBXContainerItemProxy */;
		};
/* End PBXTargetDependency section */

/* Begin XCBuildConfiguration section */
		04ADB610203E25DE00F33847 /* Debug */ = {
			isa = XCBuildConfiguration;
			buildSettings = {
				ALWAYS_SEARCH_USER_PATHS = NO;
				CLANG_ANALYZER_NONNULL = YES;
				CLANG_ANALYZER_NUMBER_OBJECT_CONVERSION = YES_AGGRESSIVE;
				CLANG_CXX_LANGUAGE_STANDARD = "gnu++14";
				CLANG_CXX_LIBRARY = "libc++";
				CLANG_ENABLE_MODULES = YES;
				CLANG_ENABLE_OBJC_ARC = YES;
				CLANG_WARN_BLOCK_CAPTURE_AUTORELEASING = YES;
				CLANG_WARN_BOOL_CONVERSION = YES;
				CLANG_WARN_COMMA = YES;
				CLANG_WARN_CONSTANT_CONVERSION = YES;
				CLANG_WARN_DIRECT_OBJC_ISA_USAGE = YES_ERROR;
				CLANG_WARN_DOCUMENTATION_COMMENTS = YES;
				CLANG_WARN_EMPTY_BODY = YES;
				CLANG_WARN_ENUM_CONVERSION = YES;
				CLANG_WARN_INFINITE_RECURSION = YES;
				CLANG_WARN_INT_CONVERSION = YES;
				CLANG_WARN_NON_LITERAL_NULL_CONVERSION = YES;
				CLANG_WARN_OBJC_LITERAL_CONVERSION = YES;
				CLANG_WARN_OBJC_ROOT_CLASS = YES_ERROR;
				CLANG_WARN_RANGE_LOOP_ANALYSIS = YES;
				CLANG_WARN_STRICT_PROTOTYPES = YES;
				CLANG_WARN_SUSPICIOUS_MOVE = YES;
				CLANG_WARN_UNGUARDED_AVAILABILITY = YES_AGGRESSIVE;
				CLANG_WARN_UNREACHABLE_CODE = YES;
				CLANG_WARN__DUPLICATE_METHOD_MATCH = YES;
				CODE_SIGN_IDENTITY = "Mac Developer";
				COPY_PHASE_STRIP = NO;
				DEBUG_INFORMATION_FORMAT = dwarf;
				ENABLE_STRICT_OBJC_MSGSEND = YES;
				ENABLE_TESTABILITY = YES;
				GCC_C_LANGUAGE_STANDARD = gnu11;
				GCC_DYNAMIC_NO_PIC = NO;
				GCC_NO_COMMON_BLOCKS = YES;
				GCC_OPTIMIZATION_LEVEL = 0;
				GCC_PREPROCESSOR_DEFINITIONS = (
					"DEBUG=1",
					"$(inherited)",
				);
				GCC_WARN_64_TO_32_BIT_CONVERSION = YES;
				GCC_WARN_ABOUT_RETURN_TYPE = YES_ERROR;
				GCC_WARN_UNDECLARED_SELECTOR = YES;
				GCC_WARN_UNINITIALIZED_AUTOS = YES_AGGRESSIVE;
				GCC_WARN_UNUSED_FUNCTION = YES;
				GCC_WARN_UNUSED_VARIABLE = YES;
				MACOSX_DEPLOYMENT_TARGET = 10.13;
				MTL_ENABLE_DEBUG_INFO = YES;
				ONLY_ACTIVE_ARCH = YES;
				SDKROOT = macosx;
				SWIFT_ACTIVE_COMPILATION_CONDITIONS = DEBUG;
				SWIFT_OPTIMIZATION_LEVEL = "-Onone";
			};
			name = Debug;
		};
		04ADB611203E25DE00F33847 /* Release */ = {
			isa = XCBuildConfiguration;
			buildSettings = {
				ALWAYS_SEARCH_USER_PATHS = NO;
				CLANG_ANALYZER_NONNULL = YES;
				CLANG_ANALYZER_NUMBER_OBJECT_CONVERSION = YES_AGGRESSIVE;
				CLANG_CXX_LANGUAGE_STANDARD = "gnu++14";
				CLANG_CXX_LIBRARY = "libc++";
				CLANG_ENABLE_MODULES = YES;
				CLANG_ENABLE_OBJC_ARC = YES;
				CLANG_WARN_BLOCK_CAPTURE_AUTORELEASING = YES;
				CLANG_WARN_BOOL_CONVERSION = YES;
				CLANG_WARN_COMMA = YES;
				CLANG_WARN_CONSTANT_CONVERSION = YES;
				CLANG_WARN_DIRECT_OBJC_ISA_USAGE = YES_ERROR;
				CLANG_WARN_DOCUMENTATION_COMMENTS = YES;
				CLANG_WARN_EMPTY_BODY = YES;
				CLANG_WARN_ENUM_CONVERSION = YES;
				CLANG_WARN_INFINITE_RECURSION = YES;
				CLANG_WARN_INT_CONVERSION = YES;
				CLANG_WARN_NON_LITERAL_NULL_CONVERSION = YES;
				CLANG_WARN_OBJC_LITERAL_CONVERSION = YES;
				CLANG_WARN_OBJC_ROOT_CLASS = YES_ERROR;
				CLANG_WARN_RANGE_LOOP_ANALYSIS = YES;
				CLANG_WARN_STRICT_PROTOTYPES = YES;
				CLANG_WARN_SUSPICIOUS_MOVE = YES;
				CLANG_WARN_UNGUARDED_AVAILABILITY = YES_AGGRESSIVE;
				CLANG_WARN_UNREACHABLE_CODE = YES;
				CLANG_WARN__DUPLICATE_METHOD_MATCH = YES;
				CODE_SIGN_IDENTITY = "Mac Developer";
				COPY_PHASE_STRIP = NO;
				DEBUG_INFORMATION_FORMAT = "dwarf-with-dsym";
				ENABLE_NS_ASSERTIONS = NO;
				ENABLE_STRICT_OBJC_MSGSEND = YES;
				GCC_C_LANGUAGE_STANDARD = gnu11;
				GCC_NO_COMMON_BLOCKS = YES;
				GCC_WARN_64_TO_32_BIT_CONVERSION = YES;
				GCC_WARN_ABOUT_RETURN_TYPE = YES_ERROR;
				GCC_WARN_UNDECLARED_SELECTOR = YES;
				GCC_WARN_UNINITIALIZED_AUTOS = YES_AGGRESSIVE;
				GCC_WARN_UNUSED_FUNCTION = YES;
				GCC_WARN_UNUSED_VARIABLE = YES;
				MACOSX_DEPLOYMENT_TARGET = 10.13;
				MTL_ENABLE_DEBUG_INFO = NO;
				SDKROOT = macosx;
				SWIFT_OPTIMIZATION_LEVEL = "-Owholemodule";
			};
			name = Release;
		};
		04ADB613203E25DE00F33847 /* Debug */ = {
			isa = XCBuildConfiguration;
			buildSettings = {
				ASSETCATALOG_COMPILER_APPICON_NAME = AppIcon;
				CODE_SIGN_ENTITLEMENTS = KcajBar/KcajBar.entitlements;
				CODE_SIGN_STYLE = Automatic;
				COMBINE_HIDPI_IMAGES = YES;
				DEVELOPMENT_TEAM = V287RUD37Y;
				FRAMEWORK_SEARCH_PATHS = (
					"$(inherited)",
					"$(PROJECT_DIR)/Carthage/Build/Mac",
					"$(PROJECT_DIR)/Carthage/Build/tvOS",
				);
				INFOPLIST_FILE = KcajBar/Info.plist;
				LD_RUNPATH_SEARCH_PATHS = "$(inherited) @executable_path/../Frameworks";
				PRODUCT_BUNDLE_IDENTIFIER = com.Noskcaj.KcajBar;
				PRODUCT_NAME = "$(TARGET_NAME)";
				SWIFT_VERSION = 4.0;
			};
			name = Debug;
		};
		04ADB614203E25DE00F33847 /* Release */ = {
			isa = XCBuildConfiguration;
			buildSettings = {
				ASSETCATALOG_COMPILER_APPICON_NAME = AppIcon;
				CODE_SIGN_ENTITLEMENTS = KcajBar/KcajBar.entitlements;
				CODE_SIGN_STYLE = Automatic;
				COMBINE_HIDPI_IMAGES = YES;
				DEVELOPMENT_TEAM = V287RUD37Y;
				FRAMEWORK_SEARCH_PATHS = (
					"$(inherited)",
					"$(PROJECT_DIR)/Carthage/Build/Mac",
					"$(PROJECT_DIR)/Carthage/Build/tvOS",
				);
				INFOPLIST_FILE = KcajBar/Info.plist;
				LD_RUNPATH_SEARCH_PATHS = "$(inherited) @executable_path/../Frameworks";
				PRODUCT_BUNDLE_IDENTIFIER = com.Noskcaj.KcajBar;
				PRODUCT_NAME = "$(TARGET_NAME)";
				SWIFT_VERSION = 4.0;
			};
			name = Release;
		};
		04ADB616203E25DE00F33847 /* Debug */ = {
			isa = XCBuildConfiguration;
			buildSettings = {
				ALWAYS_EMBED_SWIFT_STANDARD_LIBRARIES = YES;
				CODE_SIGN_STYLE = Automatic;
				COMBINE_HIDPI_IMAGES = YES;
				DEVELOPMENT_TEAM = ZYYZRU8YFX;
				INFOPLIST_FILE = KcajBarUITests/Info.plist;
				LD_RUNPATH_SEARCH_PATHS = "$(inherited) @executable_path/../Frameworks @loader_path/../Frameworks";
				PRODUCT_BUNDLE_IDENTIFIER = com.Noskcaj.KcajBarUITests;
				PRODUCT_NAME = "$(TARGET_NAME)";
				SWIFT_VERSION = 4.0;
				TEST_TARGET_NAME = KcajBar;
			};
			name = Debug;
		};
		04ADB617203E25DE00F33847 /* Release */ = {
			isa = XCBuildConfiguration;
			buildSettings = {
				ALWAYS_EMBED_SWIFT_STANDARD_LIBRARIES = YES;
				CODE_SIGN_STYLE = Automatic;
				COMBINE_HIDPI_IMAGES = YES;
				DEVELOPMENT_TEAM = ZYYZRU8YFX;
				INFOPLIST_FILE = KcajBarUITests/Info.plist;
				LD_RUNPATH_SEARCH_PATHS = "$(inherited) @executable_path/../Frameworks @loader_path/../Frameworks";
				PRODUCT_BUNDLE_IDENTIFIER = com.Noskcaj.KcajBarUITests;
				PRODUCT_NAME = "$(TARGET_NAME)";
				SWIFT_VERSION = 4.0;
				TEST_TARGET_NAME = KcajBar;
			};
			name = Release;
		};
/* End XCBuildConfiguration section */

/* Begin XCConfigurationList section */
		04ADB5F4203E25DE00F33847 /* Build configuration list for PBXProject "KcajBar" */ = {
			isa = XCConfigurationList;
			buildConfigurations = (
				04ADB610203E25DE00F33847 /* Debug */,
				04ADB611203E25DE00F33847 /* Release */,
			);
			defaultConfigurationIsVisible = 0;
			defaultConfigurationName = Release;
		};
		04ADB612203E25DE00F33847 /* Build configuration list for PBXNativeTarget "KcajBar" */ = {
			isa = XCConfigurationList;
			buildConfigurations = (
				04ADB613203E25DE00F33847 /* Debug */,
				04ADB614203E25DE00F33847 /* Release */,
			);
			defaultConfigurationIsVisible = 0;
			defaultConfigurationName = Release;
		};
		04ADB615203E25DE00F33847 /* Build configuration list for PBXNativeTarget "KcajBarUITests" */ = {
			isa = XCConfigurationList;
			buildConfigurations = (
				04ADB616203E25DE00F33847 /* Debug */,
				04ADB617203E25DE00F33847 /* Release */,
			);
			defaultConfigurationIsVisible = 0;
			defaultConfigurationName = Release;
		};
/* End XCConfigurationList section */
	};
	rootObject = 04ADB5F1203E25DE00F33847 /* Project object */;
}
